{
  "version": 4,
  "terraform_version": "1.6.3",
  "serial": 64,
  "lineage": "73da7220-d1db-f5e5-ee93-5582d5011b49",
  "outputs": {
    "master_ip": {
      "value": "128.140.106.93",
      "type": "string"
    },
    "worker_ips": {
      "value": [
        "94.130.169.220",
        "128.140.99.95"
      ],
      "type": [
        "tuple",
        [
          "string",
          "string"
        ]
      ]
    }
  },
  "resources": [
    {
      "mode": "managed",
      "type": "hcloud_network",
      "name": "k8s_network",
      "provider": "provider[\"registry.terraform.io/hetznercloud/hcloud\"]",
      "instances": [
        {
          "schema_version": 0,
          "attributes": {
            "delete_protection": false,
            "expose_routes_to_vswitch": false,
            "id": "3562079",
            "ip_range": "10.0.0.0/16",
            "labels": null,
            "name": "k8s-network"
          },
          "sensitive_attributes": [],
          "private": "bnVsbA=="
        }
      ]
    },
    {
      "mode": "managed",
      "type": "hcloud_network_subnet",
      "name": "k8s_subnet",
      "provider": "provider[\"registry.terraform.io/hetznercloud/hcloud\"]",
      "instances": [
        {
          "schema_version": 0,
          "attributes": {
            "gateway": "10.0.0.1",
            "id": "3562079-10.0.1.0/24",
            "ip_range": "10.0.1.0/24",
            "network_id": 3562079,
            "network_zone": "eu-central",
            "type": "cloud",
            "vswitch_id": null
          },
          "sensitive_attributes": [],
          "private": "bnVsbA==",
          "dependencies": [
            "hcloud_network.k8s_network"
          ]
        }
      ]
    },
    {
      "mode": "managed",
      "type": "hcloud_placement_group",
      "name": "k8s_group",
      "provider": "provider[\"registry.terraform.io/hetznercloud/hcloud\"]",
      "instances": [
        {
          "schema_version": 0,
          "attributes": {
            "id": "264038",
            "labels": {
              "key": "lab1"
            },
            "name": "k8s_group",
            "servers": [],
            "type": "spread"
          },
          "sensitive_attributes": [],
          "private": "bnVsbA=="
        }
      ]
    }
  ],
  "check_results": null
}
