{
  "version": 4,
  "terraform_version": "1.6.3",
  "serial": 147,
  "lineage": "73da7220-d1db-f5e5-ee93-5582d5011b49",
  "outputs": {
    "master_ip": {
      "value": "94.130.169.220",
      "type": "string"
    },
    "worker_ips": {
      "value": [
        "128.140.106.93",
        "128.140.99.95"
      ],
      "type": [
        "tuple",
        [
          "string",
          "string"
        ]
      ]
    }
  },
  "resources": [
    {
      "mode": "data",
      "type": "template_file",
      "name": "ansible_inventory",
      "provider": "provider[\"registry.terraform.io/hashicorp/template\"]",
      "instances": [
        {
          "schema_version": 0,
          "attributes": {
            "filename": null,
            "id": "a9870853427b546bcdcf2160800a4e4df185a2ec7efdc6aa74dac6575e7581e8",
            "rendered": "[k8s_master]\nk8s-master ansible_host=94.130.169.220\n\n[k8s_workers]\nk8s-worker0 ansible_host=128.140.106.93\nk8s-worker1 ansible_host=128.140.99.95\n",
            "template": "[k8s_master]\nk8s-master ansible_host=${master_ip}\n\n[k8s_workers]\n${worker_ips}\n",
            "vars": {
              "master_ip": "94.130.169.220",
              "worker_ips": "k8s-worker0 ansible_host=128.140.106.93\nk8s-worker1 ansible_host=128.140.99.95"
            }
          },
          "sensitive_attributes": []
        }
      ]
    },
    {
      "mode": "managed",
      "type": "hcloud_network",
      "name": "k8s_network",
      "provider": "provider[\"registry.terraform.io/hetznercloud/hcloud\"]",
      "instances": [
        {
          "schema_version": 0,
          "attributes": {
            "delete_protection": false,
            "expose_routes_to_vswitch": false,
            "id": "3565615",
            "ip_range": "10.0.0.0/16",
            "labels": null,
            "name": "k8s-network"
          },
          "sensitive_attributes": [],
          "private": "bnVsbA=="
        }
      ]
    },
    {
      "mode": "managed",
      "type": "hcloud_network_subnet",
      "name": "k8s_subnet",
      "provider": "provider[\"registry.terraform.io/hetznercloud/hcloud\"]",
      "instances": [
        {
          "schema_version": 0,
          "attributes": {
            "gateway": "10.0.0.1",
            "id": "3565615-10.0.1.0/24",
            "ip_range": "10.0.1.0/24",
            "network_id": 3565615,
            "network_zone": "eu-central",
            "type": "cloud",
            "vswitch_id": null
          },
          "sensitive_attributes": [],
          "private": "bnVsbA==",
          "dependencies": [
            "hcloud_network.k8s_network"
          ]
        }
      ]
    },
    {
      "mode": "managed",
      "type": "hcloud_placement_group",
      "name": "k8s_group",
      "provider": "provider[\"registry.terraform.io/hetznercloud/hcloud\"]",
      "instances": [
        {
          "schema_version": 0,
          "attributes": {
            "id": "265040",
            "labels": {
              "key": "lab1"
            },
            "name": "k8s_group",
            "servers": [],
            "type": "spread"
          },
          "sensitive_attributes": [],
          "private": "bnVsbA=="
        }
      ]
    },
    {
      "mode": "managed",
      "type": "hcloud_server",
      "name": "k8s_master",
      "provider": "provider[\"registry.terraform.io/hetznercloud/hcloud\"]",
      "instances": [
        {
          "schema_version": 0,
          "attributes": {
            "allow_deprecated_images": false,
            "backup_window": "",
            "backups": false,
            "datacenter": "nbg1-dc3",
            "delete_protection": false,
            "firewall_ids": [],
            "id": "39454222",
            "ignore_remote_firewall_ids": false,
            "image": "ubuntu-20.04",
            "ipv4_address": "94.130.169.220",
            "ipv6_address": "2a01:4f8:c0c:279d::1",
            "ipv6_network": "2a01:4f8:c0c:279d::/64",
            "iso": null,
            "keep_disk": false,
            "labels": null,
            "location": "nbg1",
            "name": "k8s-master",
            "network": [
              {
                "alias_ips": [],
                "ip": "10.0.1.9",
                "mac_address": "86:00:00:67:7a:8c",
                "network_id": 3565615
              }
            ],
            "placement_group_id": 265040,
            "public_net": [],
            "rebuild_protection": false,
            "rescue": null,
            "server_type": "cax21",
            "shutdown_before_deletion": false,
            "ssh_keys": [
              "17100248"
            ],
            "status": "running",
            "timeouts": null,
            "user_data": null
          },
          "sensitive_attributes": [],
          "private": "eyJlMmJmYjczMC1lY2FhLTExZTYtOGY4OC0zNDM2M2JjN2M0YzAiOnsiY3JlYXRlIjo1NDAwMDAwMDAwMDAwfX0=",
          "dependencies": [
            "hcloud_network.k8s_network",
            "hcloud_placement_group.k8s_group",
            "hcloud_ssh_key.k8s_key"
          ]
        }
      ]
    },
    {
      "mode": "managed",
      "type": "hcloud_server",
      "name": "k8s_worker",
      "provider": "provider[\"registry.terraform.io/hetznercloud/hcloud\"]",
      "instances": [
        {
          "index_key": 0,
          "schema_version": 0,
          "attributes": {
            "allow_deprecated_images": false,
            "backup_window": "",
            "backups": false,
            "datacenter": "nbg1-dc3",
            "delete_protection": false,
            "firewall_ids": [],
            "id": "39454221",
            "ignore_remote_firewall_ids": false,
            "image": "ubuntu-20.04",
            "ipv4_address": "128.140.106.93",
            "ipv6_address": "2a01:4f8:1c1e:af37::1",
            "ipv6_network": "2a01:4f8:1c1e:af37::/64",
            "iso": null,
            "keep_disk": false,
            "labels": null,
            "location": "nbg1",
            "name": "k8s-worker0",
            "network": [
              {
                "alias_ips": [],
                "ip": "10.0.1.10",
                "mac_address": "86:00:00:67:7a:8b",
                "network_id": 3565615
              }
            ],
            "placement_group_id": 265040,
            "public_net": [],
            "rebuild_protection": false,
            "rescue": null,
            "server_type": "cax11",
            "shutdown_before_deletion": false,
            "ssh_keys": [
              "17100248"
            ],
            "status": "running",
            "timeouts": null,
            "user_data": null
          },
          "sensitive_attributes": [],
          "private": "eyJlMmJmYjczMC1lY2FhLTExZTYtOGY4OC0zNDM2M2JjN2M0YzAiOnsiY3JlYXRlIjo1NDAwMDAwMDAwMDAwfX0=",
          "dependencies": [
            "hcloud_network.k8s_network",
            "hcloud_placement_group.k8s_group",
            "hcloud_ssh_key.k8s_key"
          ]
        },
        {
          "index_key": 1,
          "schema_version": 0,
          "attributes": {
            "allow_deprecated_images": false,
            "backup_window": "",
            "backups": false,
            "datacenter": "nbg1-dc3",
            "delete_protection": false,
            "firewall_ids": [],
            "id": "39454223",
            "ignore_remote_firewall_ids": false,
            "image": "ubuntu-20.04",
            "ipv4_address": "128.140.99.95",
            "ipv6_address": "2a01:4f8:1c1c:81c8::1",
            "ipv6_network": "2a01:4f8:1c1c:81c8::/64",
            "iso": null,
            "keep_disk": false,
            "labels": null,
            "location": "nbg1",
            "name": "k8s-worker1",
            "network": [
              {
                "alias_ips": [],
                "ip": "10.0.1.11",
                "mac_address": "86:00:00:67:7a:8d",
                "network_id": 3565615
              }
            ],
            "placement_group_id": 265040,
            "public_net": [],
            "rebuild_protection": false,
            "rescue": null,
            "server_type": "cax11",
            "shutdown_before_deletion": false,
            "ssh_keys": [
              "17100248"
            ],
            "status": "running",
            "timeouts": null,
            "user_data": null
          },
          "sensitive_attributes": [],
          "private": "eyJlMmJmYjczMC1lY2FhLTExZTYtOGY4OC0zNDM2M2JjN2M0YzAiOnsiY3JlYXRlIjo1NDAwMDAwMDAwMDAwfX0=",
          "dependencies": [
            "hcloud_network.k8s_network",
            "hcloud_placement_group.k8s_group",
            "hcloud_ssh_key.k8s_key"
          ]
        }
      ]
    },
    {
      "mode": "managed",
      "type": "hcloud_ssh_key",
      "name": "k8s_key",
      "provider": "provider[\"registry.terraform.io/hetznercloud/hcloud\"]",
      "instances": [
        {
          "schema_version": 0,
          "attributes": {
            "fingerprint": "61:28:a2:77:7b:54:1e:78:44:90:8a:39:c1:2a:fa:87",
            "id": "17100248",
            "labels": null,
            "name": "hcloud_ssh_key",
            "public_key": "ssh-ed25519 AAAAC3NzaC1lZDI1NTE5AAAAIPpJBOEfvr3mOHfdbuYNA20yIafkLDBk6ofQRZnYwAcG sil@t480s\n"
          },
          "sensitive_attributes": [],
          "private": "bnVsbA=="
        }
      ]
    },
    {
      "mode": "managed",
      "type": "local_file",
      "name": "ansible_inventory_file",
      "provider": "provider[\"registry.terraform.io/hashicorp/local\"]",
      "instances": [
        {
          "schema_version": 0,
          "attributes": {
            "content": "[k8s_master]\nk8s-master ansible_host=94.130.169.220\n\n[k8s_workers]\nk8s-worker0 ansible_host=128.140.106.93\nk8s-worker1 ansible_host=128.140.99.95\n",
            "content_base64": null,
            "content_base64sha256": "qYcIU0J7VGvNzyFggApOTfGFoux+/caqdNrGV151geg=",
            "content_base64sha512": "BqWLg+1ZJwGmxprn2jQdOMCxO/ebV02rlV5oSgb2SRoltacDnn8RyBCb10XtMHoCC7fUB8mtXHu9HYh67LbJIQ==",
            "content_md5": "0ee7da1f6a9016cb69c3a7dff1c933e3",
            "content_sha1": "5f607b9db2e927537d388e56af2e89d9b60ca04f",
            "content_sha256": "a9870853427b546bcdcf2160800a4e4df185a2ec7efdc6aa74dac6575e7581e8",
            "content_sha512": "06a58b83ed592701a6c69ae7da341d38c0b13bf79b574dab955e684a06f6491a25b5a7039e7f11c8109bd745ed307a020bb7d407c9ad5c7bbd1d887aecb6c921",
            "directory_permission": "0777",
            "file_permission": "0777",
            "filename": "./../ansible/inventory/hosts.ini",
            "id": "5f607b9db2e927537d388e56af2e89d9b60ca04f",
            "sensitive_content": null,
            "source": null
          },
          "sensitive_attributes": [],
          "dependencies": [
            "data.template_file.ansible_inventory",
            "hcloud_network.k8s_network",
            "hcloud_placement_group.k8s_group",
            "hcloud_server.k8s_master",
            "hcloud_server.k8s_worker",
            "hcloud_ssh_key.k8s_key"
          ]
        }
      ]
    }
  ],
  "check_results": null
}
