{
  "version": 4,
  "terraform_version": "1.6.3",
  "serial": 304,
  "lineage": "73da7220-d1db-f5e5-ee93-5582d5011b49",
  "outputs": {
    "master_ip": {
      "value": "128.140.106.93",
      "type": "string"
    },
    "worker_ips": {
      "value": [
        "94.130.169.220",
        "128.140.99.95"
      ],
      "type": [
        "tuple",
        [
          "string",
          "string"
        ]
      ]
    }
  },
  "resources": [
    {
      "mode": "data",
      "type": "template_file",
      "name": "ansible_inventory",
      "provider": "provider[\"registry.terraform.io/hashicorp/template\"]",
      "instances": [
        {
          "schema_version": 0,
          "attributes": {
            "filename": null,
            "id": "535514ca04b80fdcc2cb23acae1f8281d354b6f8004caf6a29d2a2c7a2701150",
            "rendered": "[masters]\nk8s-master ansible_host=128.140.106.93 ansible_user=root\n\n[workers]\nk8s-worker0 ansible_host=94.130.169.220 ansible_user=root\nk8s-worker1 ansible_host=128.140.99.95 ansible_user=root\n",
            "template": "[masters]\nk8s-master ansible_host=${master_ip} ansible_user=root\n\n[workers]\n${worker_ips}\n",
            "vars": {
              "master_ip": "128.140.106.93",
              "worker_ips": "k8s-worker0 ansible_host=94.130.169.220 ansible_user=root\nk8s-worker1 ansible_host=128.140.99.95 ansible_user=root"
            }
          },
          "sensitive_attributes": []
        }
      ]
    },
    {
      "mode": "managed",
      "type": "hcloud_network",
      "name": "k8s_network",
      "provider": "provider[\"registry.terraform.io/hetznercloud/hcloud\"]",
      "instances": [
        {
          "schema_version": 0,
          "attributes": {
            "delete_protection": false,
            "expose_routes_to_vswitch": false,
            "id": "3565941",
            "ip_range": "10.0.0.0/16",
            "labels": null,
            "name": "k8s-network"
          },
          "sensitive_attributes": [],
          "private": "bnVsbA=="
        }
      ]
    },
    {
      "mode": "managed",
      "type": "hcloud_network_subnet",
      "name": "k8s_subnet",
      "provider": "provider[\"registry.terraform.io/hetznercloud/hcloud\"]",
      "instances": [
        {
          "schema_version": 0,
          "attributes": {
            "gateway": "10.0.0.1",
            "id": "3565941-10.0.1.0/24",
            "ip_range": "10.0.1.0/24",
            "network_id": 3565941,
            "network_zone": "eu-central",
            "type": "cloud",
            "vswitch_id": null
          },
          "sensitive_attributes": [],
          "private": "bnVsbA==",
          "dependencies": [
            "hcloud_network.k8s_network"
          ]
        }
      ]
    },
    {
      "mode": "managed",
      "type": "hcloud_placement_group",
      "name": "k8s_group",
      "provider": "provider[\"registry.terraform.io/hetznercloud/hcloud\"]",
      "instances": [
        {
          "schema_version": 0,
          "attributes": {
            "id": "265140",
            "labels": {
              "key": "lab1"
            },
            "name": "k8s_group",
            "servers": [],
            "type": "spread"
          },
          "sensitive_attributes": [],
          "private": "bnVsbA=="
        }
      ]
    },
    {
      "mode": "managed",
      "type": "hcloud_server",
      "name": "k8s_master",
      "provider": "provider[\"registry.terraform.io/hetznercloud/hcloud\"]",
      "instances": [
        {
          "schema_version": 0,
          "attributes": {
            "allow_deprecated_images": false,
            "backup_window": "",
            "backups": false,
            "datacenter": "nbg1-dc3",
            "delete_protection": false,
            "firewall_ids": [],
            "id": "39457561",
            "ignore_remote_firewall_ids": false,
            "image": "ubuntu-20.04",
            "ipv4_address": "128.140.106.93",
            "ipv6_address": "2a01:4f8:1c1e:af37::1",
            "ipv6_network": "2a01:4f8:1c1e:af37::/64",
            "iso": null,
            "keep_disk": false,
            "labels": null,
            "location": "nbg1",
            "name": "k8s-master",
            "network": [
              {
                "alias_ips": [],
                "ip": "10.0.1.9",
                "mac_address": "86:00:00:67:7e:9e",
                "network_id": 3565941
              }
            ],
            "placement_group_id": 265140,
            "public_net": [],
            "rebuild_protection": false,
            "rescue": null,
            "server_type": "cax21",
            "shutdown_before_deletion": false,
            "ssh_keys": [
              "17103126"
            ],
            "status": "running",
            "timeouts": null,
            "user_data": null
          },
          "sensitive_attributes": [],
          "private": "eyJlMmJmYjczMC1lY2FhLTExZTYtOGY4OC0zNDM2M2JjN2M0YzAiOnsiY3JlYXRlIjo1NDAwMDAwMDAwMDAwfX0=",
          "dependencies": [
            "hcloud_network.k8s_network",
            "hcloud_placement_group.k8s_group",
            "hcloud_ssh_key.k8s_key"
          ]
        }
      ]
    },
    {
      "mode": "managed",
      "type": "hcloud_server",
      "name": "k8s_worker",
      "provider": "provider[\"registry.terraform.io/hetznercloud/hcloud\"]",
      "instances": [
        {
          "index_key": 0,
          "schema_version": 0,
          "attributes": {
            "allow_deprecated_images": false,
            "backup_window": "",
            "backups": false,
            "datacenter": "nbg1-dc3",
            "delete_protection": false,
            "firewall_ids": [],
            "id": "39457558",
            "ignore_remote_firewall_ids": false,
            "image": "ubuntu-20.04",
            "ipv4_address": "94.130.169.220",
            "ipv6_address": "2a01:4f8:c0c:279d::1",
            "ipv6_network": "2a01:4f8:c0c:279d::/64",
            "iso": null,
            "keep_disk": false,
            "labels": null,
            "location": "nbg1",
            "name": "k8s-worker0",
            "network": [
              {
                "alias_ips": [],
                "ip": "10.0.1.10",
                "mac_address": "86:00:00:67:7e:9d",
                "network_id": 3565941
              }
            ],
            "placement_group_id": 265140,
            "public_net": [],
            "rebuild_protection": false,
            "rescue": null,
            "server_type": "cax11",
            "shutdown_before_deletion": false,
            "ssh_keys": [
              "17103126"
            ],
            "status": "running",
            "timeouts": null,
            "user_data": null
          },
          "sensitive_attributes": [],
          "private": "eyJlMmJmYjczMC1lY2FhLTExZTYtOGY4OC0zNDM2M2JjN2M0YzAiOnsiY3JlYXRlIjo1NDAwMDAwMDAwMDAwfX0=",
          "dependencies": [
            "hcloud_network.k8s_network",
            "hcloud_placement_group.k8s_group",
            "hcloud_ssh_key.k8s_key"
          ]
        },
        {
          "index_key": 1,
          "schema_version": 0,
          "attributes": {
            "allow_deprecated_images": false,
            "backup_window": "",
            "backups": false,
            "datacenter": "nbg1-dc3",
            "delete_protection": false,
            "firewall_ids": [],
            "id": "39457560",
            "ignore_remote_firewall_ids": false,
            "image": "ubuntu-20.04",
            "ipv4_address": "128.140.99.95",
            "ipv6_address": "2a01:4f8:1c1c:81c8::1",
            "ipv6_network": "2a01:4f8:1c1c:81c8::/64",
            "iso": null,
            "keep_disk": false,
            "labels": null,
            "location": "nbg1",
            "name": "k8s-worker1",
            "network": [
              {
                "alias_ips": [],
                "ip": "10.0.1.11",
                "mac_address": "86:00:00:67:7e:9f",
                "network_id": 3565941
              }
            ],
            "placement_group_id": 265140,
            "public_net": [],
            "rebuild_protection": false,
            "rescue": null,
            "server_type": "cax11",
            "shutdown_before_deletion": false,
            "ssh_keys": [
              "17103126"
            ],
            "status": "running",
            "timeouts": null,
            "user_data": null
          },
          "sensitive_attributes": [],
          "private": "eyJlMmJmYjczMC1lY2FhLTExZTYtOGY4OC0zNDM2M2JjN2M0YzAiOnsiY3JlYXRlIjo1NDAwMDAwMDAwMDAwfX0=",
          "dependencies": [
            "hcloud_network.k8s_network",
            "hcloud_placement_group.k8s_group",
            "hcloud_ssh_key.k8s_key"
          ]
        }
      ]
    },
    {
      "mode": "managed",
      "type": "hcloud_ssh_key",
      "name": "k8s_key",
      "provider": "provider[\"registry.terraform.io/hetznercloud/hcloud\"]",
      "instances": [
        {
          "schema_version": 0,
          "attributes": {
            "fingerprint": "a3:14:ca:60:72:7b:ae:86:1b:82:0c:5d:b5:7b:3e:b4",
            "id": "17103126",
            "labels": null,
            "name": "hcloud_ssh_key",
            "public_key": "ssh-ed25519 AAAAC3NzaC1lZDI1NTE5AAAAINmv50ko26m0sR7wxcg36lPcg6gUclvqAiYF36zkV5JO sil@t480s\n"
          },
          "sensitive_attributes": [],
          "private": "bnVsbA=="
        }
      ]
    },
    {
      "mode": "managed",
      "type": "local_file",
      "name": "ansible_inventory_file",
      "provider": "provider[\"registry.terraform.io/hashicorp/local\"]",
      "instances": [
        {
          "schema_version": 0,
          "attributes": {
            "content": "[masters]\nk8s-master ansible_host=128.140.106.93 ansible_user=root\n\n[workers]\nk8s-worker0 ansible_host=94.130.169.220 ansible_user=root\nk8s-worker1 ansible_host=128.140.99.95 ansible_user=root\n",
            "content_base64": null,
            "content_base64sha256": "U1UUygS4D9zCyyOsrh+CgdNUtvgATK9qKdKix6JwEVA=",
            "content_base64sha512": "2z7ha2fFq4Haa53hJQ1Zrw5GBvvH1dFoTDiVFVCwAExnJEu9jDgyys+rhOHufSn+JvHooCkHByBZ9YI+CjudfA==",
            "content_md5": "ffad0ec76874aea73008de6322dbe6f9",
            "content_sha1": "5396d63c64e923a1cbb5961d7e3637e90f1e41e5",
            "content_sha256": "535514ca04b80fdcc2cb23acae1f8281d354b6f8004caf6a29d2a2c7a2701150",
            "content_sha512": "db3ee16b67c5ab81da6b9de1250d59af0e4606fbc7d5d1684c38951550b0004c67244bbd8c3832cacfab84e1ee7d29fe26f1e8a02907072059f5823e0a3b9d7c",
            "directory_permission": "0777",
            "file_permission": "0777",
            "filename": "./../ansible/inventory/hosts.ini",
            "id": "5396d63c64e923a1cbb5961d7e3637e90f1e41e5",
            "sensitive_content": null,
            "source": null
          },
          "sensitive_attributes": [],
          "dependencies": [
            "data.template_file.ansible_inventory",
            "hcloud_network.k8s_network",
            "hcloud_placement_group.k8s_group",
            "hcloud_server.k8s_master",
            "hcloud_server.k8s_worker",
            "hcloud_ssh_key.k8s_key"
          ]
        }
      ]
    }
  ],
  "check_results": null
}
